// !$*UTF8*$!
{
	archiveVersion = 1;
	classes = {
	};
	objectVersion = 46;
	objects = {

/* Begin PBXBuildFile section */
		9A68F2E61C2A67E800D2E9B0 /* UITableView+CYLTableViewPlaceHolder.m in Sources */ = {isa = PBXBuildFile; fileRef = 9A68F2E51C2A67E800D2E9B0 /* UITableView+CYLTableViewPlaceHolder.m */; };
		9A68F2F61C2A67F700D2E9B0 /* AppDelegate.m in Sources */ = {isa = PBXBuildFile; fileRef = 9A68F2E91C2A67F600D2E9B0 /* AppDelegate.m */; };
		9A68F2F71C2A67F700D2E9B0 /* Assets.xcassets in Resources */ = {isa = PBXBuildFile; fileRef = 9A68F2EA1C2A67F600D2E9B0 /* Assets.xcassets */; };
		9A68F2F81C2A67F700D2E9B0 /* LaunchScreen.storyboard in Resources */ = {isa = PBXBuildFile; fileRef = 9A68F2EB1C2A67F700D2E9B0 /* LaunchScreen.storyboard */; };
		9A68F2FB1C2A67F700D2E9B0 /* main.m in Sources */ = {isa = PBXBuildFile; fileRef = 9A68F2F01C2A67F700D2E9B0 /* main.m */; };
		9A68F2FC1C2A67F700D2E9B0 /* ViewController.m in Sources */ = {isa = PBXBuildFile; fileRef = 9A68F2F21C2A67F700D2E9B0 /* ViewController.m */; };
		9A91C46D1C2A88020007284C /* XTNetReloader.m in Sources */ = {isa = PBXBuildFile; fileRef = 9A91C46C1C2A88020007284C /* XTNetReloader.m */; };
		9A91C4701C2A88290007284C /* WeChatStylePlaceHolder.m in Sources */ = {isa = PBXBuildFile; fileRef = 9A91C46F1C2A88290007284C /* WeChatStylePlaceHolder.m */; };
		F4A926DFC982A7AEB98E1B12 /* libPods-CYLTableViewPlaceHolder.a in Frameworks */ = {isa = PBXBuildFile; fileRef = 9EB4DBA5E44F2D283EDB316C /* libPods-CYLTableViewPlaceHolder.a */; };
/* End PBXBuildFile section */

/* Begin PBXFileReference section */
		5F359A443CF30F79AB578C54 /* Pods-CYLTableViewPlaceHolder.debug.xcconfig */ = {isa = PBXFileReference; includeInIndex = 1; lastKnownFileType = text.xcconfig; name = "Pods-CYLTableViewPlaceHolder.debug.xcconfig"; path = "Pods/Target Support Files/Pods-CYLTableViewPlaceHolder/Pods-CYLTableViewPlaceHolder.debug.xcconfig"; sourceTree = "<group>"; };
		74224AFF19B3C33D313756FC /* libPods.a */ = {isa = PBXFileReference; explicitFileType = archive.ar; includeInIndex = 0; path = libPods.a; sourceTree = BUILT_PRODUCTS_DIR; };
		7F27CE38CFEAC36D07942C50 /* Pods.debug.xcconfig */ = {isa = PBXFileReference; includeInIndex = 1; lastKnownFileType = text.xcconfig; name = Pods.debug.xcconfig; path = "Pods/Target Support Files/Pods/Pods.debug.xcconfig"; sourceTree = "<group>"; };
		8BD37F2AD1CB081E05776118 /* Pods-CYLTableViewPlaceHolder.release.xcconfig */ = {isa = PBXFileReference; includeInIndex = 1; lastKnownFileType = text.xcconfig; name = "Pods-CYLTableViewPlaceHolder.release.xcconfig"; path = "Pods/Target Support Files/Pods-CYLTableViewPlaceHolder/Pods-CYLTableViewPlaceHolder.release.xcconfig"; sourceTree = "<group>"; };
		9A68F2E21C2A67E800D2E9B0 /* CYLTableViewPlaceHolder.h */ = {isa = PBXFileReference; fileEncoding = 4; lastKnownFileType = sourcecode.c.h; path = CYLTableViewPlaceHolder.h; sourceTree = "<group>"; };
		9A68F2E31C2A67E800D2E9B0 /* CYLTableViewPlaceHolderDelegate.h */ = {isa = PBXFileReference; fileEncoding = 4; lastKnownFileType = sourcecode.c.h; path = CYLTableViewPlaceHolderDelegate.h; sourceTree = "<group>"; };
		9A68F2E41C2A67E800D2E9B0 /* UITableView+CYLTableViewPlaceHolder.h */ = {isa = PBXFileReference; fileEncoding = 4; lastKnownFileType = sourcecode.c.h; path = "UITableView+CYLTableViewPlaceHolder.h"; sourceTree = "<group>"; };
		9A68F2E51C2A67E800D2E9B0 /* UITableView+CYLTableViewPlaceHolder.m */ = {isa = PBXFileReference; fileEncoding = 4; lastKnownFileType = sourcecode.c.objc; path = "UITableView+CYLTableViewPlaceHolder.m"; sourceTree = "<group>"; };
		9A68F2E81C2A67F600D2E9B0 /* AppDelegate.h */ = {isa = PBXFileReference; fileEncoding = 4; lastKnownFileType = sourcecode.c.h; path = AppDelegate.h; sourceTree = "<group>"; };
		9A68F2E91C2A67F600D2E9B0 /* AppDelegate.m */ = {isa = PBXFileReference; fileEncoding = 4; lastKnownFileType = sourcecode.c.objc; path = AppDelegate.m; sourceTree = "<group>"; };
		9A68F2EA1C2A67F600D2E9B0 /* Assets.xcassets */ = {isa = PBXFileReference; lastKnownFileType = folder.assetcatalog; path = Assets.xcassets; sourceTree = "<group>"; };
		9A68F2EC1C2A67F700D2E9B0 /* Base */ = {isa = PBXFileReference; lastKnownFileType = file.storyboard; name = Base; path = Base.lproj/LaunchScreen.storyboard; sourceTree = "<group>"; };
		9A68F2EF1C2A67F700D2E9B0 /* Info.plist */ = {isa = PBXFileReference; fileEncoding = 4; lastKnownFileType = text.plist.xml; path = Info.plist; sourceTree = "<group>"; };
		9A68F2F01C2A67F700D2E9B0 /* main.m */ = {isa = PBXFileReference; fileEncoding = 4; lastKnownFileType = sourcecode.c.objc; path = main.m; sourceTree = "<group>"; };
		9A68F2F11C2A67F700D2E9B0 /* ViewController.h */ = {isa = PBXFileReference; fileEncoding = 4; lastKnownFileType = sourcecode.c.h; path = ViewController.h; sourceTree = "<group>"; };
		9A68F2F21C2A67F700D2E9B0 /* ViewController.m */ = {isa = PBXFileReference; fileEncoding = 4; lastKnownFileType = sourcecode.c.objc; path = ViewController.m; sourceTree = "<group>"; };
		9A91C46B1C2A88020007284C /* XTNetReloader.h */ = {isa = PBXFileReference; fileEncoding = 4; lastKnownFileType = sourcecode.c.h; path = XTNetReloader.h; sourceTree = "<group>"; };
		9A91C46C1C2A88020007284C /* XTNetReloader.m */ = {isa = PBXFileReference; fileEncoding = 4; lastKnownFileType = sourcecode.c.objc; path = XTNetReloader.m; sourceTree = "<group>"; };
		9A91C46E1C2A88290007284C /* WeChatStylePlaceHolder.h */ = {isa = PBXFileReference; fileEncoding = 4; lastKnownFileType = sourcecode.c.h; path = WeChatStylePlaceHolder.h; sourceTree = "<group>"; };
		9A91C46F1C2A88290007284C /* WeChatStylePlaceHolder.m */ = {isa = PBXFileReference; fileEncoding = 4; lastKnownFileType = sourcecode.c.objc; path = WeChatStylePlaceHolder.m; sourceTree = "<group>"; };
		9ADE6FD51C29A0C500214C69 /* CYLTableViewPlaceHolder.app */ = {isa = PBXFileReference; explicitFileType = wrapper.application; includeInIndex = 0; path = CYLTableViewPlaceHolder.app; sourceTree = BUILT_PRODUCTS_DIR; };
		9EB4DBA5E44F2D283EDB316C /* libPods-CYLTableViewPlaceHolder.a */ = {isa = PBXFileReference; explicitFileType = archive.ar; includeInIndex = 0; path = "libPods-CYLTableViewPlaceHolder.a"; sourceTree = BUILT_PRODUCTS_DIR; };
		A7015287120658EA03D5FB8C /* Pods.release.xcconfig */ = {isa = PBXFileReference; includeInIndex = 1; lastKnownFileType = text.xcconfig; name = Pods.release.xcconfig; path = "Pods/Target Support Files/Pods/Pods.release.xcconfig"; sourceTree = "<group>"; };
/* End PBXFileReference section */

/* Begin PBXFrameworksBuildPhase section */
		9ADE6FD21C29A0C500214C69 /* Frameworks */ = {
			isa = PBXFrameworksBuildPhase;
			buildActionMask = 2147483647;
			files = (
				F4A926DFC982A7AEB98E1B12 /* libPods-CYLTableViewPlaceHolder.a in Frameworks */,
			);
			runOnlyForDeploymentPostprocessing = 0;
		};
/* End PBXFrameworksBuildPhase section */

/* Begin PBXGroup section */
		7B27652ABACFC00CE98A227F /* Frameworks */ = {
			isa = PBXGroup;
			children = (
				74224AFF19B3C33D313756FC /* libPods.a */,
				9EB4DBA5E44F2D283EDB316C /* libPods-CYLTableViewPlaceHolder.a */,
			);
			name = Frameworks;
			sourceTree = "<group>";
		};
		97FB7FF57030726C67EE6D69 /* Pods */ = {
			isa = PBXGroup;
			children = (
				7F27CE38CFEAC36D07942C50 /* Pods.debug.xcconfig */,
				A7015287120658EA03D5FB8C /* Pods.release.xcconfig */,
				5F359A443CF30F79AB578C54 /* Pods-CYLTableViewPlaceHolder.debug.xcconfig */,
				8BD37F2AD1CB081E05776118 /* Pods-CYLTableViewPlaceHolder.release.xcconfig */,
			);
			name = Pods;
			sourceTree = "<group>";
		};
		9A68F2E11C2A67E800D2E9B0 /* CYLTableViewPlaceHolder */ = {
			isa = PBXGroup;
			children = (
				9A68F2E21C2A67E800D2E9B0 /* CYLTableViewPlaceHolder.h */,
				9A68F2E31C2A67E800D2E9B0 /* CYLTableViewPlaceHolderDelegate.h */,
				9A68F2E41C2A67E800D2E9B0 /* UITableView+CYLTableViewPlaceHolder.h */,
				9A68F2E51C2A67E800D2E9B0 /* UITableView+CYLTableViewPlaceHolder.m */,
			);
			path = CYLTableViewPlaceHolder;
			sourceTree = "<group>";
		};
		9A68F2E71C2A67F600D2E9B0 /* Example */ = {
			isa = PBXGroup;
			children = (
				9A68F2E81C2A67F600D2E9B0 /* AppDelegate.h */,
				9A68F2E91C2A67F600D2E9B0 /* AppDelegate.m */,
				9A68F2EA1C2A67F600D2E9B0 /* Assets.xcassets */,
				9A68F2EB1C2A67F700D2E9B0 /* LaunchScreen.storyboard */,
				9A68F2EF1C2A67F700D2E9B0 /* Info.plist */,
				9A68F2F01C2A67F700D2E9B0 /* main.m */,
				9A68F2F11C2A67F700D2E9B0 /* ViewController.h */,
				9A68F2F21C2A67F700D2E9B0 /* ViewController.m */,
				9A91C4681C2A88020007284C /* PlaceHolderView */,
			);
			path = Example;
			sourceTree = "<group>";
		};
		9A91C4681C2A88020007284C /* PlaceHolderView */ = {
			isa = PBXGroup;
			children = (
				9A91C4691C2A88020007284C /* WeChatStyle */,
				9A91C46A1C2A88020007284C /* XTNetReloader */,
			);
			path = PlaceHolderView;
			sourceTree = "<group>";
		};
		9A91C4691C2A88020007284C /* WeChatStyle */ = {
			isa = PBXGroup;
			children = (
				9A91C46E1C2A88290007284C /* WeChatStylePlaceHolder.h */,
				9A91C46F1C2A88290007284C /* WeChatStylePlaceHolder.m */,
			);
			path = WeChatStyle;
			sourceTree = "<group>";
		};
		9A91C46A1C2A88020007284C /* XTNetReloader */ = {
			isa = PBXGroup;
			children = (
				9A91C46B1C2A88020007284C /* XTNetReloader.h */,
				9A91C46C1C2A88020007284C /* XTNetReloader.m */,
			);
			path = XTNetReloader;
			sourceTree = "<group>";
		};
		9ADE6FCC1C29A0C500214C69 = {
			isa = PBXGroup;
			children = (
				9A68F2E11C2A67E800D2E9B0 /* CYLTableViewPlaceHolder */,
				9A68F2E71C2A67F600D2E9B0 /* Example */,
				9ADE6FD61C29A0C500214C69 /* Products */,
				97FB7FF57030726C67EE6D69 /* Pods */,
				7B27652ABACFC00CE98A227F /* Frameworks */,
			);
			sourceTree = "<group>";
		};
		9ADE6FD61C29A0C500214C69 /* Products */ = {
			isa = PBXGroup;
			children = (
				9ADE6FD51C29A0C500214C69 /* CYLTableViewPlaceHolder.app */,
			);
			name = Products;
			sourceTree = "<group>";
		};
/* End PBXGroup section */

/* Begin PBXNativeTarget section */
		9ADE6FD41C29A0C500214C69 /* CYLTableViewPlaceHolder */ = {
			isa = PBXNativeTarget;
			buildConfigurationList = 9ADE6FEC1C29A0C500214C69 /* Build configuration list for PBXNativeTarget "CYLTableViewPlaceHolder" */;
			buildPhases = (
				990C3B2C4C20ECB5C082754B /* [CP] Check Pods Manifest.lock */,
				3CAD2691A4D273A850EB2119 /* Check Pods Manifest.lock */,
				9ADE6FD11C29A0C500214C69 /* Sources */,
				9ADE6FD21C29A0C500214C69 /* Frameworks */,
				9ADE6FD31C29A0C500214C69 /* Resources */,
				7EFDAA84B6F015EC7B8FDCFE /* [CP] Copy Pods Resources */,
			);
			buildRules = (
			);
			dependencies = (
			);
			name = CYLTableViewPlaceHolder;
			productName = CYLNoResultTableViewController;
			productReference = 9ADE6FD51C29A0C500214C69 /* CYLTableViewPlaceHolder.app */;
			productType = "com.apple.product-type.application";
		};
/* End PBXNativeTarget section */

/* Begin PBXProject section */
		9ADE6FCD1C29A0C500214C69 /* Project object */ = {
			isa = PBXProject;
			attributes = {
				LastUpgradeCheck = 0720;
				ORGANIZATIONNAME = "http://weibo.com/luohanchenyilong/ ÂæÆÂçö@iOSÁ®ãÂ∫èÁä≠Ë¢Å";
				TargetAttributes = {
					9ADE6FD41C29A0C500214C69 = {
						CreatedOnToolsVersion = 7.2;
						DevelopmentTeam = 2NJT7K4VZ7;
					};
				};
			};
			buildConfigurationList = 9ADE6FD01C29A0C500214C69 /* Build configuration list for PBXProject "CYLTableViewPlaceHolder" */;
			compatibilityVersion = "Xcode 3.2";
			developmentRegion = English;
			hasScannedForEncodings = 0;
			knownRegions = (
				en,
				Base,
			);
			mainGroup = 9ADE6FCC1C29A0C500214C69;
			productRefGroup = 9ADE6FD61C29A0C500214C69 /* Products */;
			projectDirPath = "";
			projectRoot = "";
			targets = (
				9ADE6FD41C29A0C500214C69 /* CYLTableViewPlaceHolder */,
			);
		};
/* End PBXProject section */

/* Begin PBXResourcesBuildPhase section */
		9ADE6FD31C29A0C500214C69 /* Resources */ = {
			isa = PBXResourcesBuildPhase;
			buildActionMask = 2147483647;
			files = (
				9A68F2F71C2A67F700D2E9B0 /* Assets.xcassets in Resources */,
				9A68F2F81C2A67F700D2E9B0 /* LaunchScreen.storyboard in Resources */,
			);
			runOnlyForDeploymentPostprocessing = 0;
		};
/* End PBXResourcesBuildPhase section */

/* Begin PBXShellScriptBuildPhase section */
		3CAD2691A4D273A850EB2119 /* Check Pods Manifest.lock */ = {
			isa = PBXShellScriptBuildPhase;
			buildActionMask = 2147483647;
			files = (
			);
			inputPaths = (
			);
			name = "Check Pods Manifest.lock";
			outputPaths = (
			);
			runOnlyForDeploymentPostprocessing = 0;
			shellPath = /bin/sh;
			shellScript = "diff \"${PODS_ROOT}/../Podfile.lock\" \"${PODS_ROOT}/Manifest.lock\" > /dev/null\nif [[ $? != 0 ]] ; then\n    cat << EOM\nerror: The sandbox is not in sync with the Podfile.lock. Run 'pod install' or update your CocoaPods installation.\nEOM\n    exit 1\nfi\n";
			showEnvVarsInLog = 0;
		};
		7EFDAA84B6F015EC7B8FDCFE /* [CP] Copy Pods Resources */ = {
			isa = PBXShellScriptBuildPhase;
			buildActionMask = 2147483647;
			files = (
			);
			inputPaths = (
				"${SRCROOT}/Pods/Target Support Files/Pods-CYLTableViewPlaceHolder/Pods-CYLTableViewPlaceHolder-resources.sh",
				"${PODS_ROOT}/MJRefresh/MJRefresh/MJRefresh.bundle",
			);
			name = "[CP] Copy Pods Resources";
			outputPaths = (
				"${TARGET_BUILD_DIR}/${UNLOCALIZED_RESOURCES_FOLDER_PATH}/MJRefresh.bundle",
			);
			runOnlyForDeploymentPostprocessing = 0;
			shellPath = /bin/sh;
			shellScript = "\"${SRCROOT}/Pods/Target Support Files/Pods-CYLTableViewPlaceHolder/Pods-CYLTableViewPlaceHolder-resources.sh\"\n";
			showEnvVarsInLog = 0;
		};
		990C3B2C4C20ECB5C082754B /* [CP] Check Pods Manifest.lock */ = {
			isa = PBXShellScriptBuildPhase;
			buildActionMask = 2147483647;
			files = (
			);
			inputPaths = (
				"${PODS_PODFILE_DIR_PATH}/Podfile.lock",
				"${PODS_ROOT}/Manifest.lock",
			);
			name = "[CP] Check Pods Manifest.lock";
			outputPaths = (
				"$(DERIVED_FILE_DIR)/Pods-CYLTableViewPlaceHolder-checkManifestLockResult.txt",
			);
			runOnlyForDeploymentPostprocessing = 0;
			shellPath = /bin/sh;
			shellScript = "diff \"${PODS_PODFILE_DIR_PATH}/Podfile.lock\" \"${PODS_ROOT}/Manifest.lock\" > /dev/null\nif [ $? != 0 ] ; then\n    # print error to STDERR\n    echo \"error: The sandbox is not in sync with the Podfile.lock. Run 'pod install' or update your CocoaPods installation.\" >&2\n    exit 1\nfi\n# This output is used by Xcode 'outputs' to avoid re-running this script phase.\necho \"SUCCESS\" > \"${SCRIPT_OUTPUT_FILE_0}\"\n";
			showEnvVarsInLog = 0;
		};
/* End PBXShellScriptBuildPhase section */

/* Begin PBXSourcesBuildPhase section */
		9ADE6FD11C29A0C500214C69 /* Sources */ = {
			isa = PBXSourcesBuildPhase;
			buildActionMask = 2147483647;
			files = (
				9A68F2F61C2A67F700D2E9B0 /* AppDelegate.m in Sources */,
				9A68F2FB1C2A67F700D2E9B0 /* main.m in Sources */,
				9A68F2E61C2A67E800D2E9B0 /* UITableView+CYLTableViewPlaceHolder.m in Sources */,
				9A91C4701C2A88290007284C /* WeChatStylePlaceHolder.m in Sources */,
				9A68F2FC1C2A67F700D2E9B0 /* ViewController.m in Sources */,
				9A91C46D1C2A88020007284C /* XTNetReloader.m in Sources */,
			);
			runOnlyForDeploymentPostprocessing = 0;
		};
/* End PBXSourcesBuildPhase section */

/* Begin PBXVariantGroup section */
		9A68F2EB1C2A67F700D2E9B0 /* LaunchScreen.storyboard */ = {
			isa = PBXVariantGroup;
			children = (
				9A68F2EC1C2A67F700D2E9B0 /* Base */,
			);
			name = LaunchScreen.storyboard;
			sourceTree = "<group>";
		};
/* End PBXVariantGroup section */

/* Begin XCBuildConfiguration section */
		9ADE6FEA1C29A0C500214C69 /* Debug */ = {
			isa = XCBuildConfiguration;
			buildSettings = {
				ALWAYS_SEARCH_USER_PATHS = NO;
				CLANG_CXX_LANGUAGE_STANDARD = "gnu++0x";
				CLANG_CXX_LIBRARY = "libc++";
				CLANG_ENABLE_MODULES = YES;
				CLANG_ENABLE_OBJC_ARC = YES;
				CLANG_WARN_BOOL_CONVERSION = YES;
				CLANG_WARN_CONSTANT_CONVERSION = YES;
				CLANG_WARN_DIRECT_OBJC_ISA_USAGE = YES_ERROR;
				CLANG_WARN_EMPTY_BODY = YES;
				CLANG_WARN_ENUM_CONVERSION = YES;
				CLANG_WARN_INT_CONVERSION = YES;
				CLANG_WARN_OBJC_ROOT_CLASS = YES_ERROR;
				CLANG_WARN_UNREACHABLE_CODE = YES;
				CLANG_WARN__DUPLICATE_METHOD_MATCH = YES;
				"CODE_SIGN_IDENTITY[sdk=iphoneos*]" = "iPhone Developer";
				COPY_PHASE_STRIP = NO;
				DEBUG_INFORMATION_FORMAT = dwarf;
				ENABLE_STRICT_OBJC_MSGSEND = YES;
				ENABLE_TESTABILITY = YES;
				GCC_C_LANGUAGE_STANDARD = gnu99;
				GCC_DYNAMIC_NO_PIC = NO;
				GCC_NO_COMMON_BLOCKS = YES;
				GCC_OPTIMIZATION_LEVEL = 0;
				GCC_PREPROCESSOR_DEFINITIONS = (
					"DEBUG=1",
					"$(inherited)",
				);
				GCC_WARN_64_TO_32_BIT_CONVERSION = YES;
				GCC_WARN_ABOUT_RETURN_TYPE = YES_ERROR;
				GCC_WARN_UNDECLARED_SELECTOR = YES;
				GCC_WARN_UNINITIALIZED_AUTOS = YES_AGGRESSIVE;
				GCC_WARN_UNUSED_FUNCTION = YES;
				GCC_WARN_UNUSED_VARIABLE = YES;
				IPHONEOS_DEPLOYMENT_TARGET = 6.0;
				MTL_ENABLE_DEBUG_INFO = YES;
				ONLY_ACTIVE_ARCH = YES;
				SDKROOT = iphoneos;
				TARGETED_DEVICE_FAMILY = "1,2";
			};
			name = Debug;
		};
		9ADE6FEB1C29A0C500214C69 /* Release */ = {
			isa = XCBuildConfiguration;
			buildSettings = {
				ALWAYS_SEARCH_USER_PATHS = NO;
				CLANG_CXX_LANGUAGE_STANDARD = "gnu++0x";
				CLANG_CXX_LIBRARY = "libc++";
				CLANG_ENABLE_MODULES = YES;
				CLANG_ENABLE_OBJC_ARC = YES;
				CLANG_WARN_BOOL_CONVERSION = YES;
				CLANG_WARN_CONSTANT_CONVERSION = YES;
				CLANG_WARN_DIRECT_OBJC_ISA_USAGE = YES_ERROR;
				CLANG_WARN_EMPTY_BODY = YES;
				CLANG_WARN_ENUM_CONVERSION = YES;
				CLANG_WARN_INT_CONVERSION = YES;
				CLANG_WARN_OBJC_ROOT_CLASS = YES_ERROR;
				CLANG_WARN_UNREACHABLE_CODE = YES;
				CLANG_WARN__DUPLICATE_METHOD_MATCH = YES;
				"CODE_SIGN_IDENTITY[sdk=iphoneos*]" = "iPhone Developer";
				COPY_PHASE_STRIP = NO;
				DEBUG_INFORMATION_FORMAT = "dwarf-with-dsym";
				ENABLE_NS_ASSERTIONS = NO;
				ENABLE_STRICT_OBJC_MSGSEND = YES;
				GCC_C_LANGUAGE_STANDARD = gnu99;
				GCC_NO_COMMON_BLOCKS = YES;
				GCC_WARN_64_TO_32_BIT_CONVERSION = YES;
				GCC_WARN_ABOUT_RETURN_TYPE = YES_ERROR;
				GCC_WARN_UNDECLARED_SELECTOR = YES;
				GCC_WARN_UNINITIALIZED_AUTOS = YES_AGGRESSIVE;
				GCC_WARN_UNUSED_FUNCTION = YES;
				GCC_WARN_UNUSED_VARIABLE = YES;
				IPHONEOS_DEPLOYMENT_TARGET = 6.0;
				MTL_ENABLE_DEBUG_INFO = NO;
				SDKROOT = iphoneos;
				TARGETED_DEVICE_FAMILY = "1,2";
				VALIDATE_PRODUCT = YES;
			};
			name = Release;
		};
		9ADE6FED1C29A0C500214C69 /* Debug */ = {
			isa = XCBuildConfiguration;
			baseConfigurationReference = 5F359A443CF30F79AB578C54 /* Pods-CYLTableViewPlaceHolder.debug.xcconfig */;
			buildSettings = {
				ASSETCATALOG_COMPILER_APPICON_NAME = AppIcon;
				ASSETCATALOG_COMPILER_LAUNCHIMAGE_NAME = LaunchImage;
				DEVELOPMENT_TEAM = 2NJT7K4VZ7;
				INFOPLIST_FILE = "$(SRCROOT)/Example/Info.plist";
				IPHONEOS_DEPLOYMENT_TARGET = 6.0;
				LD_RUNPATH_SEARCH_PATHS = "$(inherited) @executable_path/Frameworks";
				OTHER_LDFLAGS = "$(inherited)";
				PRODUCT_BUNDLE_IDENTIFIER = ChenYilong.CYLNoResultTableViewController;
				PRODUCT_NAME = CYLTableViewPlaceHolder;
			};
			name = Debug;
		};
		9ADE6FEE1C29A0C500214C69 /* Release */ = {
			isa = XCBuildConfiguration;
			baseConfigurationReference = 8BD37F2AD1CB081E05776118 /* Pods-CYLTableViewPlaceHolder.release.xcconfig */;
			buildSettings = {
				ASSETCATALOG_COMPILER_APPICON_NAME = AppIcon;
				ASSETCATALOG_COMPILER_LAUNCHIMAGE_NAME = LaunchImage;
				DEVELOPMENT_TEAM = 2NJT7K4VZ7;
				INFOPLIST_FILE = "$(SRCROOT)/Example/Info.plist";
				IPHONEOS_DEPLOYMENT_TARGET = 6.0;
				LD_RUNPATH_SEARCH_PATHS = "$(inherited) @executable_path/Frameworks";
				OTHER_LDFLAGS = "$(inherited)";
				PRODUCT_BUNDLE_IDENTIFIER = ChenYilong.CYLNoResultTableViewController;
				PRODUCT_NAME = CYLTableViewPlaceHolder;
			};
			name = Release;
		};
/* End XCBuildConfiguration section */

/* Begin XCConfigurationList section */
		9ADE6FD01C29A0C500214C69 /* Build configuration list for PBXProject "CYLTableViewPlaceHolder" */ = {
			isa = XCConfigurationList;
			buildConfigurations = (
				9ADE6FEA1C29A0C500214C69 /* Debug */,
				9ADE6FEB1C29A0C500214C69 /* Release */,
			);
			defaultConfigurationIsVisible = 0;
			defaultConfigurationName = Release;
		};
		9ADE6FEC1C29A0C500214C69 /* Build configuration list for PBXNativeTarget "CYLTableViewPlaceHolder" */ = {
			isa = XCConfigurationList;
			buildConfigurations = (
				9ADE6FED1C29A0C500214C69 /* Debug */,
				9ADE6FEE1C29A0C500214C69 /* Release */,
			);
			defaultConfigurationIsVisible = 0;
			defaultConfigurationName = Release;
		};
/* End XCConfigurationList section */
	};
	rootObject = 9ADE6FCD1C29A0C500214C69 /* Project object */;
}
